// !$*UTF8*$!
{
	archiveVersion = 1;
	classes = {
	};
	objectVersion = 46;
	objects = {

/* Begin PBXBuildFile section */
		6E4B9B0C179F5890008B9A10 /* UIKit.framework in Frameworks */ = {isa = PBXBuildFile; fileRef = 6E4B9B0B179F5890008B9A10 /* UIKit.framework */; };
		6E4B9B0E179F5890008B9A10 /* Foundation.framework in Frameworks */ = {isa = PBXBuildFile; fileRef = 6E4B9B0D179F5890008B9A10 /* Foundation.framework */; };
		6E4B9B10179F5890008B9A10 /* CoreGraphics.framework in Frameworks */ = {isa = PBXBuildFile; fileRef = 6E4B9B0F179F5890008B9A10 /* CoreGraphics.framework */; };
		6E4B9B16179F5890008B9A10 /* InfoPlist.strings in Resources */ = {isa = PBXBuildFile; fileRef = 6E4B9B14179F5890008B9A10 /* InfoPlist.strings */; };
		6E4B9B18179F5890008B9A10 /* main.m in Sources */ = {isa = PBXBuildFile; fileRef = 6E4B9B17179F5890008B9A10 /* main.m */; };
		6E4B9B1C179F5890008B9A10 /* AppDelegate.m in Sources */ = {isa = PBXBuildFile; fileRef = 6E4B9B1B179F5890008B9A10 /* AppDelegate.m */; };
		6E4B9B1E179F5890008B9A10 /* Default.png in Resources */ = {isa = PBXBuildFile; fileRef = 6E4B9B1D179F5890008B9A10 /* Default.png */; };
		6E4B9B20179F5890008B9A10 /* Default@2x.png in Resources */ = {isa = PBXBuildFile; fileRef = 6E4B9B1F179F5890008B9A10 /* Default@2x.png */; };
		6E4B9B22179F5890008B9A10 /* Default-568h@2x.png in Resources */ = {isa = PBXBuildFile; fileRef = 6E4B9B21179F5890008B9A10 /* Default-568h@2x.png */; };
		6E4B9B25179F5890008B9A10 /* MainStoryboard.storyboard in Resources */ = {isa = PBXBuildFile; fileRef = 6E4B9B23179F5890008B9A10 /* MainStoryboard.storyboard */; };
		6E4B9B30179F58C1008B9A10 /* BudgetManager.xcdatamodeld in Sources */ = {isa = PBXBuildFile; fileRef = 6E4B9B2E179F58C1008B9A10 /* BudgetManager.xcdatamodeld */; };
		6E4B9B3C179F7B4A008B9A10 /* ReceivableTransaction.m in Sources */ = {isa = PBXBuildFile; fileRef = 6E4B9B3B179F7B4A008B9A10 /* ReceivableTransaction.m */; };
		6E4B9B3F179F7B4A008B9A10 /* PayableTransaction.m in Sources */ = {isa = PBXBuildFile; fileRef = 6E4B9B3E179F7B4A008B9A10 /* PayableTransaction.m */; };
		6E4B9B42179F7B4A008B9A10 /* Account.m in Sources */ = {isa = PBXBuildFile; fileRef = 6E4B9B41179F7B4A008B9A10 /* Account.m */; };
		6E4B9B45179F7C34008B9A10 /* Account+Create.m in Sources */ = {isa = PBXBuildFile; fileRef = 6E4B9B44179F7C34008B9A10 /* Account+Create.m */; };
/* End PBXBuildFile section */

/* Begin PBXFileReference section */
		6E4B9B08179F5890008B9A10 /* BudgetManager.app */ = {isa = PBXFileReference; explicitFileType = wrapper.application; includeInIndex = 0; path = BudgetManager.app; sourceTree = BUILT_PRODUCTS_DIR; };
		6E4B9B0B179F5890008B9A10 /* UIKit.framework */ = {isa = PBXFileReference; lastKnownFileType = wrapper.framework; name = UIKit.framework; path = System/Library/Frameworks/UIKit.framework; sourceTree = SDKROOT; };
		6E4B9B0D179F5890008B9A10 /* Foundation.framework */ = {isa = PBXFileReference; lastKnownFileType = wrapper.framework; name = Foundation.framework; path = System/Library/Frameworks/Foundation.framework; sourceTree = SDKROOT; };
		6E4B9B0F179F5890008B9A10 /* CoreGraphics.framework */ = {isa = PBXFileReference; lastKnownFileType = wrapper.framework; name = CoreGraphics.framework; path = System/Library/Frameworks/CoreGraphics.framework; sourceTree = SDKROOT; };
		6E4B9B13179F5890008B9A10 /* BudgetManager-Info.plist */ = {isa = PBXFileReference; lastKnownFileType = text.plist.xml; path = "BudgetManager-Info.plist"; sourceTree = "<group>"; };
		6E4B9B15179F5890008B9A10 /* en */ = {isa = PBXFileReference; lastKnownFileType = text.plist.strings; name = en; path = en.lproj/InfoPlist.strings; sourceTree = "<group>"; };
		6E4B9B17179F5890008B9A10 /* main.m */ = {isa = PBXFileReference; lastKnownFileType = sourcecode.c.objc; path = main.m; sourceTree = "<group>"; };
		6E4B9B19179F5890008B9A10 /* BudgetManager-Prefix.pch */ = {isa = PBXFileReference; lastKnownFileType = sourcecode.c.h; path = "BudgetManager-Prefix.pch"; sourceTree = "<group>"; };
		6E4B9B1A179F5890008B9A10 /* AppDelegate.h */ = {isa = PBXFileReference; lastKnownFileType = sourcecode.c.h; path = AppDelegate.h; sourceTree = "<group>"; };
		6E4B9B1B179F5890008B9A10 /* AppDelegate.m */ = {isa = PBXFileReference; lastKnownFileType = sourcecode.c.objc; path = AppDelegate.m; sourceTree = "<group>"; };
		6E4B9B1D179F5890008B9A10 /* Default.png */ = {isa = PBXFileReference; lastKnownFileType = image.png; path = Default.png; sourceTree = "<group>"; };
		6E4B9B1F179F5890008B9A10 /* Default@2x.png */ = {isa = PBXFileReference; lastKnownFileType = image.png; path = "Default@2x.png"; sourceTree = "<group>"; };
		6E4B9B21179F5890008B9A10 /* Default-568h@2x.png */ = {isa = PBXFileReference; lastKnownFileType = image.png; path = "Default-568h@2x.png"; sourceTree = "<group>"; };
		6E4B9B24179F5890008B9A10 /* en */ = {isa = PBXFileReference; lastKnownFileType = file.storyboard; name = en; path = en.lproj/MainStoryboard.storyboard; sourceTree = "<group>"; };
		6E4B9B2F179F58C1008B9A10 /* BudgetManager.xcdatamodel */ = {isa = PBXFileReference; lastKnownFileType = wrapper.xcdatamodel; path = BudgetManager.xcdatamodel; sourceTree = "<group>"; };
		6E4B9B3A179F7B4A008B9A10 /* ReceivableTransaction.h */ = {isa = PBXFileReference; fileEncoding = 4; lastKnownFileType = sourcecode.c.h; path = ReceivableTransaction.h; sourceTree = "<group>"; };
		6E4B9B3B179F7B4A008B9A10 /* ReceivableTransaction.m */ = {isa = PBXFileReference; fileEncoding = 4; lastKnownFileType = sourcecode.c.objc; path = ReceivableTransaction.m; sourceTree = "<group>"; };
		6E4B9B3D179F7B4A008B9A10 /* PayableTransaction.h */ = {isa = PBXFileReference; fileEncoding = 4; lastKnownFileType = sourcecode.c.h; path = PayableTransaction.h; sourceTree = "<group>"; };
		6E4B9B3E179F7B4A008B9A10 /* PayableTransaction.m */ = {isa = PBXFileReference; fileEncoding = 4; lastKnownFileType = sourcecode.c.objc; path = PayableTransaction.m; sourceTree = "<group>"; };
		6E4B9B40179F7B4A008B9A10 /* Account.h */ = {isa = PBXFileReference; fileEncoding = 4; lastKnownFileType = sourcecode.c.h; path = Account.h; sourceTree = "<group>"; };
		6E4B9B41179F7B4A008B9A10 /* Account.m */ = {isa = PBXFileReference; fileEncoding = 4; lastKnownFileType = sourcecode.c.objc; path = Account.m; sourceTree = "<group>"; };
		6E4B9B43179F7C34008B9A10 /* Account+Create.h */ = {isa = PBXFileReference; fileEncoding = 4; lastKnownFileType = sourcecode.c.h; path = "Account+Create.h"; sourceTree = "<group>"; };
		6E4B9B44179F7C34008B9A10 /* Account+Create.m */ = {isa = PBXFileReference; fileEncoding = 4; lastKnownFileType = sourcecode.c.objc; path = "Account+Create.m"; sourceTree = "<group>"; };
/* End PBXFileReference section */

/* Begin PBXFrameworksBuildPhase section */
		6E4B9B05179F5890008B9A10 /* Frameworks */ = {
			isa = PBXFrameworksBuildPhase;
			buildActionMask = 2147483647;
			files = (
				6E4B9B0C179F5890008B9A10 /* UIKit.framework in Frameworks */,
				6E4B9B0E179F5890008B9A10 /* Foundation.framework in Frameworks */,
				6E4B9B10179F5890008B9A10 /* CoreGraphics.framework in Frameworks */,
			);
			runOnlyForDeploymentPostprocessing = 0;
		};
/* End PBXFrameworksBuildPhase section */

/* Begin PBXGroup section */
		6E4B9AFF179F5890008B9A10 = {
			isa = PBXGroup;
			children = (
				6E4B9B11179F5890008B9A10 /* BudgetManager */,
				6E4B9B0A179F5890008B9A10 /* Frameworks */,
				6E4B9B09179F5890008B9A10 /* Products */,
			);
			sourceTree = "<group>";
		};
		6E4B9B09179F5890008B9A10 /* Products */ = {
			isa = PBXGroup;
			children = (
				6E4B9B08179F5890008B9A10 /* BudgetManager.app */,
			);
			name = Products;
			sourceTree = "<group>";
		};
		6E4B9B0A179F5890008B9A10 /* Frameworks */ = {
			isa = PBXGroup;
			children = (
				6E4B9B0B179F5890008B9A10 /* UIKit.framework */,
				6E4B9B0D179F5890008B9A10 /* Foundation.framework */,
				6E4B9B0F179F5890008B9A10 /* CoreGraphics.framework */,
			);
			name = Frameworks;
			sourceTree = "<group>";
		};
		6E4B9B11179F5890008B9A10 /* BudgetManager */ = {
			isa = PBXGroup;
			children = (
				6E4B9B23179F5890008B9A10 /* MainStoryboard.storyboard */,
				6E4B9B2E179F58C1008B9A10 /* BudgetManager.xcdatamodeld */,
				6E4B9B40179F7B4A008B9A10 /* Account.h */,
				6E4B9B41179F7B4A008B9A10 /* Account.m */,
				6E4B9B43179F7C34008B9A10 /* Account+Create.h */,
				6E4B9B44179F7C34008B9A10 /* Account+Create.m */,
				6E4B9B3D179F7B4A008B9A10 /* PayableTransaction.h */,
				6E4B9B3E179F7B4A008B9A10 /* PayableTransaction.m */,
				6E4B9B3A179F7B4A008B9A10 /* ReceivableTransaction.h */,
				6E4B9B3B179F7B4A008B9A10 /* ReceivableTransaction.m */,
				6E4B9B12179F5890008B9A10 /* Supporting Files */,
			);
			path = BudgetManager;
			sourceTree = "<group>";
		};
		6E4B9B12179F5890008B9A10 /* Supporting Files */ = {
			isa = PBXGroup;
			children = (
				6E4B9B1A179F5890008B9A10 /* AppDelegate.h */,
				6E4B9B1B179F5890008B9A10 /* AppDelegate.m */,
				6E4B9B13179F5890008B9A10 /* BudgetManager-Info.plist */,
				6E4B9B14179F5890008B9A10 /* InfoPlist.strings */,
				6E4B9B17179F5890008B9A10 /* main.m */,
				6E4B9B19179F5890008B9A10 /* BudgetManager-Prefix.pch */,
				6E4B9B1D179F5890008B9A10 /* Default.png */,
				6E4B9B1F179F5890008B9A10 /* Default@2x.png */,
				6E4B9B21179F5890008B9A10 /* Default-568h@2x.png */,
			);
			name = "Supporting Files";
			sourceTree = "<group>";
		};
/* End PBXGroup section */

/* Begin PBXNativeTarget section */
		6E4B9B07179F5890008B9A10 /* BudgetManager */ = {
			isa = PBXNativeTarget;
			buildConfigurationList = 6E4B9B2B179F5890008B9A10 /* Build configuration list for PBXNativeTarget "BudgetManager" */;
			buildPhases = (
				6E4B9B04179F5890008B9A10 /* Sources */,
				6E4B9B05179F5890008B9A10 /* Frameworks */,
				6E4B9B06179F5890008B9A10 /* Resources */,
			);
			buildRules = (
			);
			dependencies = (
			);
			name = BudgetManager;
			productName = BudgetManager;
			productReference = 6E4B9B08179F5890008B9A10 /* BudgetManager.app */;
			productType = "com.apple.product-type.application";
		};
/* End PBXNativeTarget section */

/* Begin PBXProject section */
		6E4B9B00179F5890008B9A10 /* Project object */ = {
			isa = PBXProject;
			attributes = {
				LastUpgradeCheck = 0460;
				ORGANIZATIONNAME = "Austin Emser";
			};
			buildConfigurationList = 6E4B9B03179F5890008B9A10 /* Build configuration list for PBXProject "BudgetManager" */;
			compatibilityVersion = "Xcode 3.2";
			developmentRegion = English;
			hasScannedForEncodings = 0;
			knownRegions = (
				en,
			);
			mainGroup = 6E4B9AFF179F5890008B9A10;
			productRefGroup = 6E4B9B09179F5890008B9A10 /* Products */;
			projectDirPath = "";
			projectRoot = "";
			targets = (
				6E4B9B07179F5890008B9A10 /* BudgetManager */,
			);
		};
/* End PBXProject section */

/* Begin PBXResourcesBuildPhase section */
		6E4B9B06179F5890008B9A10 /* Resources */ = {
			isa = PBXResourcesBuildPhase;
			buildActionMask = 2147483647;
			files = (
				6E4B9B16179F5890008B9A10 /* InfoPlist.strings in Resources */,
				6E4B9B1E179F5890008B9A10 /* Default.png in Resources */,
				6E4B9B20179F5890008B9A10 /* Default@2x.png in Resources */,
				6E4B9B22179F5890008B9A10 /* Default-568h@2x.png in Resources */,
				6E4B9B25179F5890008B9A10 /* MainStoryboard.storyboard in Resources */,
			);
			runOnlyForDeploymentPostprocessing = 0;
		};
/* End PBXResourcesBuildPhase section */

/* Begin PBXSourcesBuildPhase section */
		6E4B9B04179F5890008B9A10 /* Sources */ = {
			isa = PBXSourcesBuildPhase;
			buildActionMask = 2147483647;
			files = (
				6E4B9B18179F5890008B9A10 /* main.m in Sources */,
				6E4B9B1C179F5890008B9A10 /* AppDelegate.m in Sources */,
				6E4B9B30179F58C1008B9A10 /* BudgetManager.xcdatamodeld in Sources */,
				6E4B9B3C179F7B4A008B9A10 /* ReceivableTransaction.m in Sources */,
				6E4B9B3F179F7B4A008B9A10 /* PayableTransaction.m in Sources */,
				6E4B9B42179F7B4A008B9A10 /* Account.m in Sources */,
				6E4B9B45179F7C34008B9A10 /* Account+Create.m in Sources */,
			);
			runOnlyForDeploymentPostprocessing = 0;
		};
/* End PBXSourcesBuildPhase section */

/* Begin PBXVariantGroup section */
		6E4B9B14179F5890008B9A10 /* InfoPlist.strings */ = {
			isa = PBXVariantGroup;
			children = (
				6E4B9B15179F5890008B9A10 /* en */,
			);
			name = InfoPlist.strings;
			sourceTree = "<group>";
		};
		6E4B9B23179F5890008B9A10 /* MainStoryboard.storyboard */ = {
			isa = PBXVariantGroup;
			children = (
				6E4B9B24179F5890008B9A10 /* en */,
			);
			name = MainStoryboard.storyboard;
			sourceTree = "<group>";
		};
/* End PBXVariantGroup section */

/* Begin XCBuildConfiguration section */
		6E4B9B29179F5890008B9A10 /* Debug */ = {
			isa = XCBuildConfiguration;
			buildSettings = {
				ALWAYS_SEARCH_USER_PATHS = NO;
				CLANG_CXX_LANGUAGE_STANDARD = "gnu++0x";
				CLANG_CXX_LIBRARY = "libc++";
				CLANG_ENABLE_OBJC_ARC = YES;
				CLANG_WARN_CONSTANT_CONVERSION = YES;
				CLANG_WARN_EMPTY_BODY = YES;
				CLANG_WARN_ENUM_CONVERSION = YES;
				CLANG_WARN_INT_CONVERSION = YES;
				CLANG_WARN__DUPLICATE_METHOD_MATCH = YES;
				"CODE_SIGN_IDENTITY[sdk=iphoneos*]" = "iPhone Developer";
				COPY_PHASE_STRIP = NO;
				GCC_C_LANGUAGE_STANDARD = gnu99;
				GCC_DYNAMIC_NO_PIC = NO;
				GCC_OPTIMIZATION_LEVEL = 0;
				GCC_PREPROCESSOR_DEFINITIONS = (
					"DEBUG=1",
					"$(inherited)",
				);
				GCC_SYMBOLS_PRIVATE_EXTERN = NO;
				GCC_WARN_ABOUT_RETURN_TYPE = YES;
				GCC_WARN_UNINITIALIZED_AUTOS = YES;
				GCC_WARN_UNUSED_VARIABLE = YES;
				IPHONEOS_DEPLOYMENT_TARGET = 6.1;
				ONLY_ACTIVE_ARCH = YES;
				SDKROOT = iphoneos;
			};
			name = Debug;
		};
		6E4B9B2A179F5890008B9A10 /* Release */ = {
			isa = XCBuildConfiguration;
			buildSettings = {
				ALWAYS_SEARCH_USER_PATHS = NO;
				CLANG_CXX_LANGUAGE_STANDARD = "gnu++0x";
				CLANG_CXX_LIBRARY = "libc++";
				CLANG_ENABLE_OBJC_ARC = YES;
				CLANG_WARN_CONSTANT_CONVERSION = YES;
				CLANG_WARN_EMPTY_BODY = YES;
				CLANG_WARN_ENUM_CONVERSION = YES;
				CLANG_WARN_INT_CONVERSION = YES;
				CLANG_WARN__DUPLICATE_METHOD_MATCH = YES;
				"CODE_SIGN_IDENTITY[sdk=iphoneos*]" = "iPhone Developer";
				COPY_PHASE_STRIP = YES;
				GCC_C_LANGUAGE_STANDARD = gnu99;
				GCC_WARN_ABOUT_RETURN_TYPE = YES;
				GCC_WARN_UNINITIALIZED_AUTOS = YES;
				GCC_WARN_UNUSED_VARIABLE = YES;
				IPHONEOS_DEPLOYMENT_TARGET = 6.1;
				OTHER_CFLAGS = "-DNS_BLOCK_ASSERTIONS=1";
				SDKROOT = iphoneos;
				VALIDATE_PRODUCT = YES;
			};
			name = Release;
		};
		6E4B9B2C179F5890008B9A10 /* Debug */ = {
			isa = XCBuildConfiguration;
			buildSettings = {
				GCC_PRECOMPILE_PREFIX_HEADER = YES;
				GCC_PREFIX_HEADER = "BudgetManager/BudgetManager-Prefix.pch";
				INFOPLIST_FILE = "BudgetManager/BudgetManager-Info.plist";
				PRODUCT_NAME = "$(TARGET_NAME)";
				WRAPPER_EXTENSION = app;
			};
			name = Debug;
		};
		6E4B9B2D179F5890008B9A10 /* Release */ = {
			isa = XCBuildConfiguration;
			buildSettings = {
				GCC_PRECOMPILE_PREFIX_HEADER = YES;
				GCC_PREFIX_HEADER = "BudgetManager/BudgetManager-Prefix.pch";
				INFOPLIST_FILE = "BudgetManager/BudgetManager-Info.plist";
				PRODUCT_NAME = "$(TARGET_NAME)";
				WRAPPER_EXTENSION = app;
			};
			name = Release;
		};
/* End XCBuildConfiguration section */

/* Begin XCConfigurationList section */
		6E4B9B03179F5890008B9A10 /* Build configuration list for PBXProject "BudgetManager" */ = {
			isa = XCConfigurationList;
			buildConfigurations = (
				6E4B9B29179F5890008B9A10 /* Debug */,
				6E4B9B2A179F5890008B9A10 /* Release */,
			);
			defaultConfigurationIsVisible = 0;
			defaultConfigurationName = Release;
		};
		6E4B9B2B179F5890008B9A10 /* Build configuration list for PBXNativeTarget "BudgetManager" */ = {
			isa = XCConfigurationList;
			buildConfigurations = (
				6E4B9B2C179F5890008B9A10 /* Debug */,
				6E4B9B2D179F5890008B9A10 /* Release */,
			);
			defaultConfigurationIsVisible = 0;
		};
/* End XCConfigurationList section */

/* Begin XCVersionGroup section */
		6E4B9B2E179F58C1008B9A10 /* BudgetManager.xcdatamodeld */ = {
			isa = XCVersionGroup;
			children = (
				6E4B9B2F179F58C1008B9A10 /* BudgetManager.xcdatamodel */,
			);
			currentVersion = 6E4B9B2F179F58C1008B9A10 /* BudgetManager.xcdatamodel */;
			path = BudgetManager.xcdatamodeld;
			sourceTree = "<group>";
			versionGroupType = wrapper.xcdatamodel;
		};
/* End XCVersionGroup section */
	};
	rootObject = 6E4B9B00179F5890008B9A10 /* Project object */;
}
